
Microsoft Visual Studio Solution File, Format Version 12.00
# Visual Studio Version 17
VisualStudioVersion = 17.8.34525.116
MinimumVisualStudioVersion = 10.0.40219.1
Project("{9A19103F-16F7-4668-BE54-9A1E7A4F7556}") = "ASP.NET", "ASP.NET\ASP.NET.csproj", "{C61D954A-BA15-4DB6-8966-AFB80C004C81}"
EndProject
Global
	GlobalSection(SolutionConfigurationPlatforms) = preSolution
		Debug|Any CPU = Debug|Any CPU
		Release|Any CPU = Release|Any CPU
	EndGlobalSection
	GlobalSection(ProjectConfigurationPlatforms) = postSolution
		{C61D954A-BA15-4DB6-8966-AFB80C004C81}.Debug|Any CPU.ActiveCfg = Debug|Any CPU
		{C61D954A-BA15-4DB6-8966-AFB80C004C81}.Debug|Any CPU.Build.0 = Debug|Any CPU
		{C61D954A-BA15-4DB6-8966-AFB80C004C81}.Release|Any CPU.ActiveCfg = Release|Any CPU
		{C61D954A-BA15-4DB6-8966-AFB80C004C81}.Release|Any CPU.Build.0 = Release|Any CPU
	EndGlobalSection
	GlobalSection(SolutionProperties) = preSolution
		HideSolutionNode = FALSE
	EndGlobalSection
	GlobalSection(ExtensibilityGlobals) = postSolution
		SolutionGuid = {159AF60F-699B-4F37-BFCC-8864C39BF973}
	EndGlobalSection
EndGlobal
